
Microsoft Visual Studio Solution File, Format Version 12.00
# Visual Studio 2012
Project("{FAE04EC0-301F-11D3-BF4B-00C04F79EFBC}") = "DataStructureAndAlgorithms.UI", "DataStructureAndAlgorithms.UI\DataStructureAndAlgorithms.UI.csproj", "{97174E58-6B97-46F1-8A85-0B3F28C4F94F}"
	ProjectSection(ProjectDependencies) = postProject
		{9AFCC5A6-EFA7-4571-95B9-1608BAB8864A} = {9AFCC5A6-EFA7-4571-95B9-1608BAB8864A}
	EndProjectSection
EndProject
Project("{FAE04EC0-301F-11D3-BF4B-00C04F79EFBC}") = "DataStructureAndAlgorithms.BusinessServices", "DataStructureAndAlgorithms.BusinessServices\DataStructureAndAlgorithms.BusinessServices.csproj", "{9AFCC5A6-EFA7-4571-95B9-1608BAB8864A}"
EndProject
Global
	GlobalSection(SolutionConfigurationPlatforms) = preSolution
		Debug|Any CPU = Debug|Any CPU
		Release|Any CPU = Release|Any CPU
	EndGlobalSection
	GlobalSection(ProjectConfigurationPlatforms) = postSolution
		{97174E58-6B97-46F1-8A85-0B3F28C4F94F}.Debug|Any CPU.ActiveCfg = Debug|Any CPU
		{97174E58-6B97-46F1-8A85-0B3F28C4F94F}.Debug|Any CPU.Build.0 = Debug|Any CPU
		{97174E58-6B97-46F1-8A85-0B3F28C4F94F}.Release|Any CPU.ActiveCfg = Release|Any CPU
		{97174E58-6B97-46F1-8A85-0B3F28C4F94F}.Release|Any CPU.Build.0 = Release|Any CPU
		{9AFCC5A6-EFA7-4571-95B9-1608BAB8864A}.Debug|Any CPU.ActiveCfg = Debug|Any CPU
		{9AFCC5A6-EFA7-4571-95B9-1608BAB8864A}.Debug|Any CPU.Build.0 = Debug|Any CPU
		{9AFCC5A6-EFA7-4571-95B9-1608BAB8864A}.Release|Any CPU.ActiveCfg = Release|Any CPU
		{9AFCC5A6-EFA7-4571-95B9-1608BAB8864A}.Release|Any CPU.Build.0 = Release|Any CPU
	EndGlobalSection
	GlobalSection(SolutionProperties) = preSolution
		HideSolutionNode = FALSE
	EndGlobalSection
EndGlobal
